
Microsoft Visual Studio Solution File, Format Version 12.00
# Visual Studio Version 16
VisualStudioVersion = 16.0.32228.343
MinimumVisualStudioVersion = 10.0.40219.1
Project("{9A19103F-16F7-4668-BE54-9A1E7A4F7556}") = "Portfolio", "Portfolio\Portfolio.csproj", "{F3C5D26F-E12F-497B-8BE1-C25F50B9A579}"
EndProject
Global
	GlobalSection(SolutionConfigurationPlatforms) = preSolution
		Debug|Any CPU = Debug|Any CPU
		Release|Any CPU = Release|Any CPU
	EndGlobalSection
	GlobalSection(ProjectConfigurationPlatforms) = postSolution
		{F3C5D26F-E12F-497B-8BE1-C25F50B9A579}.Debug|Any CPU.ActiveCfg = Debug|Any CPU
		{F3C5D26F-E12F-497B-8BE1-C25F50B9A579}.Debug|Any CPU.Build.0 = Debug|Any CPU
		{F3C5D26F-E12F-497B-8BE1-C25F50B9A579}.Release|Any CPU.ActiveCfg = Release|Any CPU
		{F3C5D26F-E12F-497B-8BE1-C25F50B9A579}.Release|Any CPU.Build.0 = Release|Any CPU
	EndGlobalSection
	GlobalSection(SolutionProperties) = preSolution
		HideSolutionNode = FALSE
	EndGlobalSection
	GlobalSection(ExtensibilityGlobals) = postSolution
		SolutionGuid = {AD53F520-CF3E-4168-982A-CDD9FB4E9F0B}
	EndGlobalSection
EndGlobal
